<?xml version="1.0" encoding="utf-8"?>
<Project ToolsVersion="4.0" xmlns="http://schemas.microsoft.com/developer/msbuild/2003">
  <ItemGroup>
    <Filter Include="Source Files">
      <UniqueIdentifier>{fb43178e-2b88-4a86-9519-40d86ac6bb72}</UniqueIdentifier>
    </Filter>
    <Filter Include="Generated Files">
      <UniqueIdentifier>{29a9a89a-719f-4748-9823-1171142a8721}</UniqueIdentifier>
      <SourceControlFiles>False</SourceControlFiles>
    </Filter>
  </ItemGroup>
  <ItemGroup>
    <None Include="MyFirstBHOps.def" />
  </ItemGroup>
  <ItemGroup>
    <ClCompile Include="MyFirstBHO_i.c">
      <Filter>Generated Files</Filter>
    </ClCompile>
    <ClCompile Include="MyFirstBHO_p.c">
      <Filter>Generated Files</Filter>
    </ClCompile>
    <ClCompile Include="dlldata.c">
      <Filter>Generated Files</Filter>
    </ClCompile>
  </ItemGroup>
</Project>